
Microsoft Visual Studio Solution File, Format Version 12.00
# Visual Studio Version 17
VisualStudioVersion = 17.11.35312.102
MinimumVisualStudioVersion = 10.0.40219.1
Project("{FAE04EC0-301F-11D3-BF4B-00C04F79EFBC}") = "Projekt1", "Projekt1.csproj", "{27F50A44-9543-4A31-862F-9AAE00077B68}"
EndProject
Global
	GlobalSection(SolutionConfigurationPlatforms) = preSolution
		Debug|Any CPU = Debug|Any CPU
		Release|Any CPU = Release|Any CPU
	EndGlobalSection
	GlobalSection(ProjectConfigurationPlatforms) = postSolution
		{27F50A44-9543-4A31-862F-9AAE00077B68}.Debug|Any CPU.ActiveCfg = Debug|Any CPU
		{27F50A44-9543-4A31-862F-9AAE00077B68}.Debug|Any CPU.Build.0 = Debug|Any CPU
		{27F50A44-9543-4A31-862F-9AAE00077B68}.Release|Any CPU.ActiveCfg = Release|Any CPU
		{27F50A44-9543-4A31-862F-9AAE00077B68}.Release|Any CPU.Build.0 = Release|Any CPU
	EndGlobalSection
	GlobalSection(SolutionProperties) = preSolution
		HideSolutionNode = FALSE
	EndGlobalSection
	GlobalSection(ExtensibilityGlobals) = postSolution
		SolutionGuid = {06031557-4152-4565-BBE9-159B985A1DAD}
	EndGlobalSection
EndGlobal
